
Microsoft Visual Studio Solution File, Format Version 12.00
# Visual Studio Version 17
VisualStudioVersion = 17.0.32014.148
MinimumVisualStudioVersion = 10.0.40219.1
Project("{FAE04EC0-301F-11D3-BF4B-00C04F79EFBC}") = "login", "login\login.csproj", "{1BE576B3-63BB-436F-9104-7290AEB1EF9A}"
EndProject
Global
	GlobalSection(SolutionConfigurationPlatforms) = preSolution
		Debug|Any CPU = Debug|Any CPU
		Release|Any CPU = Release|Any CPU
	EndGlobalSection
	GlobalSection(ProjectConfigurationPlatforms) = postSolution
		{1BE576B3-63BB-436F-9104-7290AEB1EF9A}.Debug|Any CPU.ActiveCfg = Debug|Any CPU
		{1BE576B3-63BB-436F-9104-7290AEB1EF9A}.Debug|Any CPU.Build.0 = Debug|Any CPU
		{1BE576B3-63BB-436F-9104-7290AEB1EF9A}.Release|Any CPU.ActiveCfg = Release|Any CPU
		{1BE576B3-63BB-436F-9104-7290AEB1EF9A}.Release|Any CPU.Build.0 = Release|Any CPU
	EndGlobalSection
	GlobalSection(SolutionProperties) = preSolution
		HideSolutionNode = FALSE
	EndGlobalSection
	GlobalSection(ExtensibilityGlobals) = postSolution
		SolutionGuid = {E425BF9D-0736-4395-8105-98BAFBA37B2D}
	EndGlobalSection
EndGlobal
